
Microsoft Visual Studio Solution File, Format Version 12.00
# Visual Studio 15
VisualStudioVersion = 15.0.26730.16
MinimumVisualStudioVersion = 10.0.40219.1
Project("{9A19103F-16F7-4668-BE54-9A1E7A4F7556}") = "AspNetCoreWebApi11", "src\AspNetCoreWebApi11\AspNetCoreWebApi11.csproj", "{E1BF00B4-0341-44DC-965E-88321F3097F3}"
EndProject
Project("{9A19103F-16F7-4668-BE54-9A1E7A4F7556}") = "AspNetCoreWebApi20", "src\AspNetCoreWebApi20\AspNetCoreWebApi20.csproj", "{7CE885FF-5624-4743-8BFA-108ADC3A4AA8}"
EndProject
Project("{2150E333-8FDC-42A3-9474-1A3956D46DE8}") = "Solution Items", "Solution Items", "{D97DF00C-A38E-4CE0-9D8F-82CC45E482B5}"
	ProjectSection(SolutionItems) = preProject
		README.md = README.md
	EndProjectSection
EndProject
Project("{2150E333-8FDC-42A3-9474-1A3956D46DE8}") = "src", "src", "{9B4B60D0-B641-4AC6-8F1D-377344254D4D}"
EndProject
Project("{9A19103F-16F7-4668-BE54-9A1E7A4F7556}") = "AspNetCoreSelfHost", "src\AspNetCoreSelfHost\AspNetCoreSelfHost.csproj", "{C09D4C9A-125F-4274-82D5-63506475E203}"
EndProject
Project("{9A19103F-16F7-4668-BE54-9A1E7A4F7556}") = "AspNetCoreSerilog", "src\AspNetCoreSerilog\AspNetCoreSerilog.csproj", "{C0F7782E-5E67-446E-9362-7AD8E2B1EE25}"
EndProject
Project("{9A19103F-16F7-4668-BE54-9A1E7A4F7556}") = "ConsoleNetCoreSerilog", "src\ConsoleNetCoreSerilog\ConsoleNetCoreSerilog.csproj", "{E200A8B3-8373-4F9D-B624-069D66EF92B8}"
EndProject
Project("{2150E333-8FDC-42A3-9474-1A3956D46DE8}") = "01. ASP.NET Core Web API", "01. ASP.NET Core Web API", "{DD1FAF8D-79C2-4B61-9140-542464FC6DA7}"
EndProject
Project("{2150E333-8FDC-42A3-9474-1A3956D46DE8}") = "02. Hosting", "02. Hosting", "{CAF68AA9-7AB7-406F-B821-5CF2DB25DEA7}"
EndProject
Project("{2150E333-8FDC-42A3-9474-1A3956D46DE8}") = "03. Logging", "03. Logging", "{EDAECC27-95B2-4A1A-84BB-D3EA5129CAC2}"
EndProject
Project("{2150E333-8FDC-42A3-9474-1A3956D46DE8}") = "04. Configuration", "04. Configuration", "{69E42F32-9B99-4A19-A83C-C9F21557EF5E}"
EndProject
Project("{9A19103F-16F7-4668-BE54-9A1E7A4F7556}") = "AspNetCoreConfiguration", "src\AspNetCoreConfiguration\AspNetCoreConfiguration.csproj", "{43A201CD-39DB-46D2-B366-845DB37A6C75}"
EndProject
Project("{9A19103F-16F7-4668-BE54-9A1E7A4F7556}") = "ConsoleNetCoreConfiguation", "src\ConsoleNetCoreConfiguation\ConsoleNetCoreConfiguation.csproj", "{A954FE11-7433-490D-BE89-AC7D45A18B03}"
EndProject
Project("{2150E333-8FDC-42A3-9474-1A3956D46DE8}") = "05. Swagger (document and test api)", "05. Swagger (document and test api)", "{093107CF-56ED-4B22-B7FC-49EE4360CBC4}"
EndProject
Project("{9A19103F-16F7-4668-BE54-9A1E7A4F7556}") = "AspNetCoreSwagger", "src\AspNetCoreSwagger\AspNetCoreSwagger.csproj", "{60690632-240E-4CD7-8624-BA53BDEC008F}"
EndProject
Project("{9A19103F-16F7-4668-BE54-9A1E7A4F7556}") = "ConsoleNetCoreClientSwagger", "src\ConsoleNetCoreClientSwagger\ConsoleNetCoreClientSwagger.csproj", "{FA1A95AC-7F08-4129-BFD7-3D468F3C9143}"
EndProject
Project("{2150E333-8FDC-42A3-9474-1A3956D46DE8}") = "06. Entity Framework Core", "06. Entity Framework Core", "{D10A4F03-D6D5-412A-A002-B6DB90488E74}"
EndProject
Project("{9A19103F-16F7-4668-BE54-9A1E7A4F7556}") = "AspNetCoreEntityFrameworkCore", "src\AspNetCoreEntityFrameworkCore\AspNetCoreEntityFrameworkCore.csproj", "{7EECCB53-0771-4083-A029-8D1F8A82AF0B}"
EndProject
Project("{9A19103F-16F7-4668-BE54-9A1E7A4F7556}") = "ConsoleEfCoreClient", "src\ConsoleEfCoreClient\ConsoleEfCoreClient.csproj", "{719B690D-F39F-4840-A7D5-E0054AB51EC5}"
EndProject
Project("{2150E333-8FDC-42A3-9474-1A3956D46DE8}") = "07. Net Core Extensibility", "07. Net Core Extensibility", "{296FD4BC-852A-4B36-927F-8362398F9E99}"
EndProject
Project("{9A19103F-16F7-4668-BE54-9A1E7A4F7556}") = "AspNetCoreRequestLogger", "src\AspNetCoreRequestLogger\AspNetCoreRequestLogger.csproj", "{1CFF88E4-055E-4D7F-BD53-1C99F329E072}"
EndProject
Project("{2150E333-8FDC-42A3-9474-1A3956D46DE8}") = "08. ASP.NET Core MVC", "08. ASP.NET Core MVC", "{1075A343-7F11-49C6-AEFF-309E16488449}"
EndProject
Project("{9A19103F-16F7-4668-BE54-9A1E7A4F7556}") = "AspNetCoreMvc", "src\AspNetCoreMvc\AspNetCoreMvc.csproj", "{0FFF872E-1916-4820-B95E-3172A90D693A}"
EndProject
Project("{9A19103F-16F7-4668-BE54-9A1E7A4F7556}") = "AspNetCoreMvcRazorPages", "src\AspNetCoreMvcRazorPages\AspNetCoreMvcRazorPages.csproj", "{84A0017A-662A-4F51-9BB5-5599CC6DA914}"
EndProject
Project("{2150E333-8FDC-42A3-9474-1A3956D46DE8}") = "09. The Experiment", "09. The Experiment", "{58035E7F-4078-4DEC-88F3-30F1D7C300DC}"
EndProject
Project("{9A19103F-16F7-4668-BE54-9A1E7A4F7556}") = "ConsoleNetCoreService", "src\ConsoleNetCoreService\ConsoleNetCoreService.csproj", "{28185222-4046-4F4F-B74F-6A1D26EFFCF9}"
EndProject
Project("{FAE04EC0-301F-11D3-BF4B-00C04F79EFBC}") = "ConsoleNetFxService", "src\ConsoleNetFxService\ConsoleNetFxService.csproj", "{A46247CA-E3A7-4102-B6F5-D2ABEC134A1F}"
EndProject
Project("{FAE04EC0-301F-11D3-BF4B-00C04F79EFBC}") = "ConsoleNetCoreDependencyInjection", "src\ConsoleNetCoreDependencyInjection\ConsoleNetCoreDependencyInjection.csproj", "{4EFBFEEC-B207-448A-BBCF-E4F937CFB5B4}"
EndProject
Global
	GlobalSection(SolutionConfigurationPlatforms) = preSolution
		Debug|Any CPU = Debug|Any CPU
		Release|Any CPU = Release|Any CPU
	EndGlobalSection
	GlobalSection(ProjectConfigurationPlatforms) = postSolution
		{E1BF00B4-0341-44DC-965E-88321F3097F3}.Debug|Any CPU.ActiveCfg = Debug|Any CPU
		{E1BF00B4-0341-44DC-965E-88321F3097F3}.Debug|Any CPU.Build.0 = Debug|Any CPU
		{E1BF00B4-0341-44DC-965E-88321F3097F3}.Release|Any CPU.ActiveCfg = Release|Any CPU
		{E1BF00B4-0341-44DC-965E-88321F3097F3}.Release|Any CPU.Build.0 = Release|Any CPU
		{7CE885FF-5624-4743-8BFA-108ADC3A4AA8}.Debug|Any CPU.ActiveCfg = Debug|Any CPU
		{7CE885FF-5624-4743-8BFA-108ADC3A4AA8}.Debug|Any CPU.Build.0 = Debug|Any CPU
		{7CE885FF-5624-4743-8BFA-108ADC3A4AA8}.Release|Any CPU.ActiveCfg = Release|Any CPU
		{7CE885FF-5624-4743-8BFA-108ADC3A4AA8}.Release|Any CPU.Build.0 = Release|Any CPU
		{C09D4C9A-125F-4274-82D5-63506475E203}.Debug|Any CPU.ActiveCfg = Debug|Any CPU
		{C09D4C9A-125F-4274-82D5-63506475E203}.Debug|Any CPU.Build.0 = Debug|Any CPU
		{C09D4C9A-125F-4274-82D5-63506475E203}.Release|Any CPU.ActiveCfg = Release|Any CPU
		{C09D4C9A-125F-4274-82D5-63506475E203}.Release|Any CPU.Build.0 = Release|Any CPU
		{C0F7782E-5E67-446E-9362-7AD8E2B1EE25}.Debug|Any CPU.ActiveCfg = Debug|Any CPU
		{C0F7782E-5E67-446E-9362-7AD8E2B1EE25}.Debug|Any CPU.Build.0 = Debug|Any CPU
		{C0F7782E-5E67-446E-9362-7AD8E2B1EE25}.Release|Any CPU.ActiveCfg = Release|Any CPU
		{C0F7782E-5E67-446E-9362-7AD8E2B1EE25}.Release|Any CPU.Build.0 = Release|Any CPU
		{E200A8B3-8373-4F9D-B624-069D66EF92B8}.Debug|Any CPU.ActiveCfg = Debug|Any CPU
		{E200A8B3-8373-4F9D-B624-069D66EF92B8}.Debug|Any CPU.Build.0 = Debug|Any CPU
		{E200A8B3-8373-4F9D-B624-069D66EF92B8}.Release|Any CPU.ActiveCfg = Release|Any CPU
		{E200A8B3-8373-4F9D-B624-069D66EF92B8}.Release|Any CPU.Build.0 = Release|Any CPU
		{43A201CD-39DB-46D2-B366-845DB37A6C75}.Debug|Any CPU.ActiveCfg = Debug|Any CPU
		{43A201CD-39DB-46D2-B366-845DB37A6C75}.Debug|Any CPU.Build.0 = Debug|Any CPU
		{43A201CD-39DB-46D2-B366-845DB37A6C75}.Release|Any CPU.ActiveCfg = Release|Any CPU
		{43A201CD-39DB-46D2-B366-845DB37A6C75}.Release|Any CPU.Build.0 = Release|Any CPU
		{A954FE11-7433-490D-BE89-AC7D45A18B03}.Debug|Any CPU.ActiveCfg = Debug|Any CPU
		{A954FE11-7433-490D-BE89-AC7D45A18B03}.Debug|Any CPU.Build.0 = Debug|Any CPU
		{A954FE11-7433-490D-BE89-AC7D45A18B03}.Release|Any CPU.ActiveCfg = Release|Any CPU
		{A954FE11-7433-490D-BE89-AC7D45A18B03}.Release|Any CPU.Build.0 = Release|Any CPU
		{60690632-240E-4CD7-8624-BA53BDEC008F}.Debug|Any CPU.ActiveCfg = Debug|Any CPU
		{60690632-240E-4CD7-8624-BA53BDEC008F}.Debug|Any CPU.Build.0 = Debug|Any CPU
		{60690632-240E-4CD7-8624-BA53BDEC008F}.Release|Any CPU.ActiveCfg = Release|Any CPU
		{60690632-240E-4CD7-8624-BA53BDEC008F}.Release|Any CPU.Build.0 = Release|Any CPU
		{FA1A95AC-7F08-4129-BFD7-3D468F3C9143}.Debug|Any CPU.ActiveCfg = Debug|Any CPU
		{FA1A95AC-7F08-4129-BFD7-3D468F3C9143}.Debug|Any CPU.Build.0 = Debug|Any CPU
		{FA1A95AC-7F08-4129-BFD7-3D468F3C9143}.Release|Any CPU.ActiveCfg = Release|Any CPU
		{FA1A95AC-7F08-4129-BFD7-3D468F3C9143}.Release|Any CPU.Build.0 = Release|Any CPU
		{7EECCB53-0771-4083-A029-8D1F8A82AF0B}.Debug|Any CPU.ActiveCfg = Debug|Any CPU
		{7EECCB53-0771-4083-A029-8D1F8A82AF0B}.Debug|Any CPU.Build.0 = Debug|Any CPU
		{7EECCB53-0771-4083-A029-8D1F8A82AF0B}.Release|Any CPU.ActiveCfg = Release|Any CPU
		{7EECCB53-0771-4083-A029-8D1F8A82AF0B}.Release|Any CPU.Build.0 = Release|Any CPU
		{719B690D-F39F-4840-A7D5-E0054AB51EC5}.Debug|Any CPU.ActiveCfg = Debug|Any CPU
		{719B690D-F39F-4840-A7D5-E0054AB51EC5}.Debug|Any CPU.Build.0 = Debug|Any CPU
		{719B690D-F39F-4840-A7D5-E0054AB51EC5}.Release|Any CPU.ActiveCfg = Release|Any CPU
		{719B690D-F39F-4840-A7D5-E0054AB51EC5}.Release|Any CPU.Build.0 = Release|Any CPU
		{1CFF88E4-055E-4D7F-BD53-1C99F329E072}.Debug|Any CPU.ActiveCfg = Debug|Any CPU
		{1CFF88E4-055E-4D7F-BD53-1C99F329E072}.Debug|Any CPU.Build.0 = Debug|Any CPU
		{1CFF88E4-055E-4D7F-BD53-1C99F329E072}.Release|Any CPU.ActiveCfg = Release|Any CPU
		{1CFF88E4-055E-4D7F-BD53-1C99F329E072}.Release|Any CPU.Build.0 = Release|Any CPU
		{0FFF872E-1916-4820-B95E-3172A90D693A}.Debug|Any CPU.ActiveCfg = Debug|Any CPU
		{0FFF872E-1916-4820-B95E-3172A90D693A}.Debug|Any CPU.Build.0 = Debug|Any CPU
		{0FFF872E-1916-4820-B95E-3172A90D693A}.Release|Any CPU.ActiveCfg = Release|Any CPU
		{0FFF872E-1916-4820-B95E-3172A90D693A}.Release|Any CPU.Build.0 = Release|Any CPU
		{84A0017A-662A-4F51-9BB5-5599CC6DA914}.Debug|Any CPU.ActiveCfg = Debug|Any CPU
		{84A0017A-662A-4F51-9BB5-5599CC6DA914}.Debug|Any CPU.Build.0 = Debug|Any CPU
		{84A0017A-662A-4F51-9BB5-5599CC6DA914}.Release|Any CPU.ActiveCfg = Release|Any CPU
		{84A0017A-662A-4F51-9BB5-5599CC6DA914}.Release|Any CPU.Build.0 = Release|Any CPU
		{28185222-4046-4F4F-B74F-6A1D26EFFCF9}.Debug|Any CPU.ActiveCfg = Debug|Any CPU
		{28185222-4046-4F4F-B74F-6A1D26EFFCF9}.Debug|Any CPU.Build.0 = Debug|Any CPU
		{28185222-4046-4F4F-B74F-6A1D26EFFCF9}.Release|Any CPU.ActiveCfg = Release|Any CPU
		{28185222-4046-4F4F-B74F-6A1D26EFFCF9}.Release|Any CPU.Build.0 = Release|Any CPU
		{A46247CA-E3A7-4102-B6F5-D2ABEC134A1F}.Debug|Any CPU.ActiveCfg = Debug|Any CPU
		{A46247CA-E3A7-4102-B6F5-D2ABEC134A1F}.Debug|Any CPU.Build.0 = Debug|Any CPU
		{A46247CA-E3A7-4102-B6F5-D2ABEC134A1F}.Release|Any CPU.ActiveCfg = Release|Any CPU
		{A46247CA-E3A7-4102-B6F5-D2ABEC134A1F}.Release|Any CPU.Build.0 = Release|Any CPU
		{4EFBFEEC-B207-448A-BBCF-E4F937CFB5B4}.Debug|Any CPU.ActiveCfg = Debug|Any CPU
		{4EFBFEEC-B207-448A-BBCF-E4F937CFB5B4}.Debug|Any CPU.Build.0 = Debug|Any CPU
		{4EFBFEEC-B207-448A-BBCF-E4F937CFB5B4}.Release|Any CPU.ActiveCfg = Release|Any CPU
		{4EFBFEEC-B207-448A-BBCF-E4F937CFB5B4}.Release|Any CPU.Build.0 = Release|Any CPU
	EndGlobalSection
	GlobalSection(SolutionProperties) = preSolution
		HideSolutionNode = FALSE
	EndGlobalSection
	GlobalSection(NestedProjects) = preSolution
		{E1BF00B4-0341-44DC-965E-88321F3097F3} = {DD1FAF8D-79C2-4B61-9140-542464FC6DA7}
		{7CE885FF-5624-4743-8BFA-108ADC3A4AA8} = {DD1FAF8D-79C2-4B61-9140-542464FC6DA7}
		{C09D4C9A-125F-4274-82D5-63506475E203} = {CAF68AA9-7AB7-406F-B821-5CF2DB25DEA7}
		{C0F7782E-5E67-446E-9362-7AD8E2B1EE25} = {EDAECC27-95B2-4A1A-84BB-D3EA5129CAC2}
		{E200A8B3-8373-4F9D-B624-069D66EF92B8} = {EDAECC27-95B2-4A1A-84BB-D3EA5129CAC2}
		{DD1FAF8D-79C2-4B61-9140-542464FC6DA7} = {9B4B60D0-B641-4AC6-8F1D-377344254D4D}
		{CAF68AA9-7AB7-406F-B821-5CF2DB25DEA7} = {9B4B60D0-B641-4AC6-8F1D-377344254D4D}
		{EDAECC27-95B2-4A1A-84BB-D3EA5129CAC2} = {9B4B60D0-B641-4AC6-8F1D-377344254D4D}
		{69E42F32-9B99-4A19-A83C-C9F21557EF5E} = {9B4B60D0-B641-4AC6-8F1D-377344254D4D}
		{43A201CD-39DB-46D2-B366-845DB37A6C75} = {69E42F32-9B99-4A19-A83C-C9F21557EF5E}
		{A954FE11-7433-490D-BE89-AC7D45A18B03} = {69E42F32-9B99-4A19-A83C-C9F21557EF5E}
		{093107CF-56ED-4B22-B7FC-49EE4360CBC4} = {9B4B60D0-B641-4AC6-8F1D-377344254D4D}
		{60690632-240E-4CD7-8624-BA53BDEC008F} = {093107CF-56ED-4B22-B7FC-49EE4360CBC4}
		{FA1A95AC-7F08-4129-BFD7-3D468F3C9143} = {093107CF-56ED-4B22-B7FC-49EE4360CBC4}
		{D10A4F03-D6D5-412A-A002-B6DB90488E74} = {9B4B60D0-B641-4AC6-8F1D-377344254D4D}
		{7EECCB53-0771-4083-A029-8D1F8A82AF0B} = {D10A4F03-D6D5-412A-A002-B6DB90488E74}
		{719B690D-F39F-4840-A7D5-E0054AB51EC5} = {D10A4F03-D6D5-412A-A002-B6DB90488E74}
		{296FD4BC-852A-4B36-927F-8362398F9E99} = {9B4B60D0-B641-4AC6-8F1D-377344254D4D}
		{1CFF88E4-055E-4D7F-BD53-1C99F329E072} = {296FD4BC-852A-4B36-927F-8362398F9E99}
		{1075A343-7F11-49C6-AEFF-309E16488449} = {9B4B60D0-B641-4AC6-8F1D-377344254D4D}
		{0FFF872E-1916-4820-B95E-3172A90D693A} = {1075A343-7F11-49C6-AEFF-309E16488449}
		{84A0017A-662A-4F51-9BB5-5599CC6DA914} = {1075A343-7F11-49C6-AEFF-309E16488449}
		{58035E7F-4078-4DEC-88F3-30F1D7C300DC} = {9B4B60D0-B641-4AC6-8F1D-377344254D4D}
		{28185222-4046-4F4F-B74F-6A1D26EFFCF9} = {58035E7F-4078-4DEC-88F3-30F1D7C300DC}
		{A46247CA-E3A7-4102-B6F5-D2ABEC134A1F} = {58035E7F-4078-4DEC-88F3-30F1D7C300DC}
		{4EFBFEEC-B207-448A-BBCF-E4F937CFB5B4} = {DD1FAF8D-79C2-4B61-9140-542464FC6DA7}
	EndGlobalSection
	GlobalSection(ExtensibilityGlobals) = postSolution
		SolutionGuid = {1ACA2DCA-B963-4A3E-B0BD-E0BDCE7C4273}
	EndGlobalSection
EndGlobal
